// !$*UTF8*$!
{
	archiveVersion = 1;
	classes = {
	};
	objectVersion = 46;
	objects = {

/* Begin PBXBuildFile section */
		33D06B151AE458D40012334D /* AppDelegate.swift in Sources */ = {isa = PBXBuildFile; fileRef = 33D06B141AE458D40012334D /* AppDelegate.swift */; };
		33D06B171AE458D40012334D /* ChooseViewController.swift in Sources */ = {isa = PBXBuildFile; fileRef = 33D06B161AE458D40012334D /* ChooseViewController.swift */; };
		33D06B1A1AE458D40012334D /* Main.storyboard in Resources */ = {isa = PBXBuildFile; fileRef = 33D06B181AE458D40012334D /* Main.storyboard */; };
		33D06B1C1AE458D40012334D /* Images.xcassets in Resources */ = {isa = PBXBuildFile; fileRef = 33D06B1B1AE458D40012334D /* Images.xcassets */; };
		33D06B1F1AE458D40012334D /* LaunchScreen.xib in Resources */ = {isa = PBXBuildFile; fileRef = 33D06B1D1AE458D40012334D /* LaunchScreen.xib */; };
		33D06B2B1AE458D40012334D /* RoshamboTests.swift in Sources */ = {isa = PBXBuildFile; fileRef = 33D06B2A1AE458D40012334D /* RoshamboTests.swift */; };
		33D06B371AE4681D0012334D /* ResultsViewController.swift in Sources */ = {isa = PBXBuildFile; fileRef = 33D06B361AE4681D0012334D /* ResultsViewController.swift */; };
/* End PBXBuildFile section */

/* Begin PBXContainerItemProxy section */
		33D06B251AE458D40012334D /* PBXContainerItemProxy */ = {
			isa = PBXContainerItemProxy;
			containerPortal = 33D06B071AE458D40012334D /* Project object */;
			proxyType = 1;
			remoteGlobalIDString = 33D06B0E1AE458D40012334D;
			remoteInfo = Roshambo;
		};
/* End PBXContainerItemProxy section */

/* Begin PBXFileReference section */
		33D06B0F1AE458D40012334D /* Roshambo.app */ = {isa = PBXFileReference; explicitFileType = wrapper.application; includeInIndex = 0; path = Roshambo.app; sourceTree = BUILT_PRODUCTS_DIR; };
		33D06B131AE458D40012334D /* Info.plist */ = {isa = PBXFileReference; lastKnownFileType = text.plist.xml; path = Info.plist; sourceTree = "<group>"; };
		33D06B141AE458D40012334D /* AppDelegate.swift */ = {isa = PBXFileReference; lastKnownFileType = sourcecode.swift; path = AppDelegate.swift; sourceTree = "<group>"; };
		33D06B161AE458D40012334D /* ChooseViewController.swift */ = {isa = PBXFileReference; lastKnownFileType = sourcecode.swift; path = ChooseViewController.swift; sourceTree = "<group>"; };
		33D06B191AE458D40012334D /* Base */ = {isa = PBXFileReference; lastKnownFileType = file.storyboard; name = Base; path = Base.lproj/Main.storyboard; sourceTree = "<group>"; };
		33D06B1B1AE458D40012334D /* Images.xcassets */ = {isa = PBXFileReference; lastKnownFileType = folder.assetcatalog; path = Images.xcassets; sourceTree = "<group>"; };
		33D06B1E1AE458D40012334D /* Base */ = {isa = PBXFileReference; lastKnownFileType = file.xib; name = Base; path = Base.lproj/LaunchScreen.xib; sourceTree = "<group>"; };
		33D06B241AE458D40012334D /* RoshamboTests.xctest */ = {isa = PBXFileReference; explicitFileType = wrapper.cfbundle; includeInIndex = 0; path = RoshamboTests.xctest; sourceTree = BUILT_PRODUCTS_DIR; };
		33D06B291AE458D40012334D /* Info.plist */ = {isa = PBXFileReference; lastKnownFileType = text.plist.xml; path = Info.plist; sourceTree = "<group>"; };
		33D06B2A1AE458D40012334D /* RoshamboTests.swift */ = {isa = PBXFileReference; lastKnownFileType = sourcecode.swift; path = RoshamboTests.swift; sourceTree = "<group>"; };
		33D06B361AE4681D0012334D /* ResultsViewController.swift */ = {isa = PBXFileReference; fileEncoding = 4; lastKnownFileType = sourcecode.swift; path = ResultsViewController.swift; sourceTree = "<group>"; };
/* End PBXFileReference section */

/* Begin PBXFrameworksBuildPhase section */
		33D06B0C1AE458D40012334D /* Frameworks */ = {
			isa = PBXFrameworksBuildPhase;
			buildActionMask = 2147483647;
			files = (
			);
			runOnlyForDeploymentPostprocessing = 0;
		};
		33D06B211AE458D40012334D /* Frameworks */ = {
			isa = PBXFrameworksBuildPhase;
			buildActionMask = 2147483647;
			files = (
			);
			runOnlyForDeploymentPostprocessing = 0;
		};
/* End PBXFrameworksBuildPhase section */

/* Begin PBXGroup section */
		33D06B061AE458D40012334D = {
			isa = PBXGroup;
			children = (
				33D06B111AE458D40012334D /* Roshambo */,
				33D06B271AE458D40012334D /* RoshamboTests */,
				33D06B101AE458D40012334D /* Products */,
			);
			sourceTree = "<group>";
		};
		33D06B101AE458D40012334D /* Products */ = {
			isa = PBXGroup;
			children = (
				33D06B0F1AE458D40012334D /* Roshambo.app */,
				33D06B241AE458D40012334D /* RoshamboTests.xctest */,
			);
			name = Products;
			sourceTree = "<group>";
		};
		33D06B111AE458D40012334D /* Roshambo */ = {
			isa = PBXGroup;
			children = (
				33D06B141AE458D40012334D /* AppDelegate.swift */,
				33D06B161AE458D40012334D /* ChooseViewController.swift */,
				33D06B181AE458D40012334D /* Main.storyboard */,
				33D06B1B1AE458D40012334D /* Images.xcassets */,
				33D06B1D1AE458D40012334D /* LaunchScreen.xib */,
				33D06B121AE458D40012334D /* Supporting Files */,
				33D06B361AE4681D0012334D /* ResultsViewController.swift */,
			);
			path = Roshambo;
			sourceTree = "<group>";
		};
		33D06B121AE458D40012334D /* Supporting Files */ = {
			isa = PBXGroup;
			children = (
				33D06B131AE458D40012334D /* Info.plist */,
			);
			name = "Supporting Files";
			sourceTree = "<group>";
		};
		33D06B271AE458D40012334D /* RoshamboTests */ = {
			isa = PBXGroup;
			children = (
				33D06B2A1AE458D40012334D /* RoshamboTests.swift */,
				33D06B281AE458D40012334D /* Supporting Files */,
			);
			path = RoshamboTests;
			sourceTree = "<group>";
		};
		33D06B281AE458D40012334D /* Supporting Files */ = {
			isa = PBXGroup;
			children = (
				33D06B291AE458D40012334D /* Info.plist */,
			);
			name = "Supporting Files";
			sourceTree = "<group>";
		};
/* End PBXGroup section */

/* Begin PBXNativeTarget section */
		33D06B0E1AE458D40012334D /* Roshambo */ = {
			isa = PBXNativeTarget;
			buildConfigurationList = 33D06B2E1AE458D40012334D /* Build configuration list for PBXNativeTarget "Roshambo" */;
			buildPhases = (
				33D06B0B1AE458D40012334D /* Sources */,
				33D06B0C1AE458D40012334D /* Frameworks */,
				33D06B0D1AE458D40012334D /* Resources */,
			);
			buildRules = (
			);
			dependencies = (
			);
			name = Roshambo;
			productName = Roshambo;
			productReference = 33D06B0F1AE458D40012334D /* Roshambo.app */;
			productType = "com.apple.product-type.application";
		};
		33D06B231AE458D40012334D /* RoshamboTests */ = {
			isa = PBXNativeTarget;
			buildConfigurationList = 33D06B311AE458D40012334D /* Build configuration list for PBXNativeTarget "RoshamboTests" */;
			buildPhases = (
				33D06B201AE458D40012334D /* Sources */,
				33D06B211AE458D40012334D /* Frameworks */,
				33D06B221AE458D40012334D /* Resources */,
			);
			buildRules = (
			);
			dependencies = (
				33D06B261AE458D40012334D /* PBXTargetDependency */,
			);
			name = RoshamboTests;
			productName = RoshamboTests;
			productReference = 33D06B241AE458D40012334D /* RoshamboTests.xctest */;
			productType = "com.apple.product-type.bundle.unit-test";
		};
/* End PBXNativeTarget section */

/* Begin PBXProject section */
		33D06B071AE458D40012334D /* Project object */ = {
			isa = PBXProject;
			attributes = {
				LastUpgradeCheck = 0630;
				ORGANIZATIONNAME = "Eric N. Winn";
				TargetAttributes = {
					33D06B0E1AE458D40012334D = {
						CreatedOnToolsVersion = 6.3;
					};
					33D06B231AE458D40012334D = {
						CreatedOnToolsVersion = 6.3;
						TestTargetID = 33D06B0E1AE458D40012334D;
					};
				};
			};
			buildConfigurationList = 33D06B0A1AE458D40012334D /* Build configuration list for PBXProject "Roshambo" */;
			compatibilityVersion = "Xcode 3.2";
			developmentRegion = English;
			hasScannedForEncodings = 0;
			knownRegions = (
				en,
				Base,
			);
			mainGroup = 33D06B061AE458D40012334D;
			productRefGroup = 33D06B101AE458D40012334D /* Products */;
			projectDirPath = "";
			projectRoot = "";
			targets = (
				33D06B0E1AE458D40012334D /* Roshambo */,
				33D06B231AE458D40012334D /* RoshamboTests */,
			);
		};
/* End PBXProject section */

/* Begin PBXResourcesBuildPhase section */
		33D06B0D1AE458D40012334D /* Resources */ = {
			isa = PBXResourcesBuildPhase;
			buildActionMask = 2147483647;
			files = (
				33D06B1A1AE458D40012334D /* Main.storyboard in Resources */,
				33D06B1F1AE458D40012334D /* LaunchScreen.xib in Resources */,
				33D06B1C1AE458D40012334D /* Images.xcassets in Resources */,
			);
			runOnlyForDeploymentPostprocessing = 0;
		};
		33D06B221AE458D40012334D /* Resources */ = {
			isa = PBXResourcesBuildPhase;
			buildActionMask = 2147483647;
			files = (
			);
			runOnlyForDeploymentPostprocessing = 0;
		};
/* End PBXResourcesBuildPhase section */

/* Begin PBXSourcesBuildPhase section */
		33D06B0B1AE458D40012334D /* Sources */ = {
			isa = PBXSourcesBuildPhase;
			buildActionMask = 2147483647;
			files = (
				33D06B171AE458D40012334D /* ChooseViewController.swift in Sources */,
				33D06B151AE458D40012334D /* AppDelegate.swift in Sources */,
				33D06B371AE4681D0012334D /* ResultsViewController.swift in Sources */,
			);
			runOnlyForDeploymentPostprocessing = 0;
		};
		33D06B201AE458D40012334D /* Sources */ = {
			isa = PBXSourcesBuildPhase;
			buildActionMask = 2147483647;
			files = (
				33D06B2B1AE458D40012334D /* RoshamboTests.swift in Sources */,
			);
			runOnlyForDeploymentPostprocessing = 0;
		};
/* End PBXSourcesBuildPhase section */

/* Begin PBXTargetDependency section */
		33D06B261AE458D40012334D /* PBXTargetDependency */ = {
			isa = PBXTargetDependency;
			target = 33D06B0E1AE458D40012334D /* Roshambo */;
			targetProxy = 33D06B251AE458D40012334D /* PBXContainerItemProxy */;
		};
/* End PBXTargetDependency section */

/* Begin PBXVariantGroup section */
		33D06B181AE458D40012334D /* Main.storyboard */ = {
			isa = PBXVariantGroup;
			children = (
				33D06B191AE458D40012334D /* Base */,
			);
			name = Main.storyboard;
			sourceTree = "<group>";
		};
		33D06B1D1AE458D40012334D /* LaunchScreen.xib */ = {
			isa = PBXVariantGroup;
			children = (
				33D06B1E1AE458D40012334D /* Base */,
			);
			name = LaunchScreen.xib;
			sourceTree = "<group>";
		};
/* End PBXVariantGroup section */

/* Begin XCBuildConfiguration section */
		33D06B2C1AE458D40012334D /* Debug */ = {
			isa = XCBuildConfiguration;
			buildSettings = {
				ALWAYS_SEARCH_USER_PATHS = NO;
				CLANG_CXX_LANGUAGE_STANDARD = "gnu++0x";
				CLANG_CXX_LIBRARY = "libc++";
				CLANG_ENABLE_MODULES = YES;
				CLANG_ENABLE_OBJC_ARC = YES;
				CLANG_WARN_BOOL_CONVERSION = YES;
				CLANG_WARN_CONSTANT_CONVERSION = YES;
				CLANG_WARN_DIRECT_OBJC_ISA_USAGE = YES_ERROR;
				CLANG_WARN_EMPTY_BODY = YES;
				CLANG_WARN_ENUM_CONVERSION = YES;
				CLANG_WARN_INT_CONVERSION = YES;
				CLANG_WARN_OBJC_ROOT_CLASS = YES_ERROR;
				CLANG_WARN_UNREACHABLE_CODE = YES;
				CLANG_WARN__DUPLICATE_METHOD_MATCH = YES;
				"CODE_SIGN_IDENTITY[sdk=iphoneos*]" = "iPhone Developer";
				COPY_PHASE_STRIP = NO;
				DEBUG_INFORMATION_FORMAT = "dwarf-with-dsym";
				ENABLE_STRICT_OBJC_MSGSEND = YES;
				GCC_C_LANGUAGE_STANDARD = gnu99;
				GCC_DYNAMIC_NO_PIC = NO;
				GCC_NO_COMMON_BLOCKS = YES;
				GCC_OPTIMIZATION_LEVEL = 0;
				GCC_PREPROCESSOR_DEFINITIONS = (
					"DEBUG=1",
					"$(inherited)",
				);
				GCC_SYMBOLS_PRIVATE_EXTERN = NO;
				GCC_WARN_64_TO_32_BIT_CONVERSION = YES;
				GCC_WARN_ABOUT_RETURN_TYPE = YES_ERROR;
				GCC_WARN_UNDECLARED_SELECTOR = YES;
				GCC_WARN_UNINITIALIZED_AUTOS = YES_AGGRESSIVE;
				GCC_WARN_UNUSED_FUNCTION = YES;
				GCC_WARN_UNUSED_VARIABLE = YES;
				IPHONEOS_DEPLOYMENT_TARGET = 8.3;
				MTL_ENABLE_DEBUG_INFO = YES;
				ONLY_ACTIVE_ARCH = YES;
				SDKROOT = iphoneos;
				SWIFT_OPTIMIZATION_LEVEL = "-Onone";
			};
			name = Debug;
		};
		33D06B2D1AE458D40012334D /* Release */ = {
			isa = XCBuildConfiguration;
			buildSettings = {
				ALWAYS_SEARCH_USER_PATHS = NO;
				CLANG_CXX_LANGUAGE_STANDARD = "gnu++0x";
				CLANG_CXX_LIBRARY = "libc++";
				CLANG_ENABLE_MODULES = YES;
				CLANG_ENABLE_OBJC_ARC = YES;
				CLANG_WARN_BOOL_CONVERSION = YES;
				CLANG_WARN_CONSTANT_CONVERSION = YES;
				CLANG_WARN_DIRECT_OBJC_ISA_USAGE = YES_ERROR;
				CLANG_WARN_EMPTY_BODY = YES;
				CLANG_WARN_ENUM_CONVERSION = YES;
				CLANG_WARN_INT_CONVERSION = YES;
				CLANG_WARN_OBJC_ROOT_CLASS = YES_ERROR;
				CLANG_WARN_UNREACHABLE_CODE = YES;
				CLANG_WARN__DUPLICATE_METHOD_MATCH = YES;
				"CODE_SIGN_IDENTITY[sdk=iphoneos*]" = "iPhone Developer";
				COPY_PHASE_STRIP = NO;
				DEBUG_INFORMATION_FORMAT = "dwarf-with-dsym";
				ENABLE_NS_ASSERTIONS = NO;
				ENABLE_STRICT_OBJC_MSGSEND = YES;
				GCC_C_LANGUAGE_STANDARD = gnu99;
				GCC_NO_COMMON_BLOCKS = YES;
				GCC_WARN_64_TO_32_BIT_CONVERSION = YES;
				GCC_WARN_ABOUT_RETURN_TYPE = YES_ERROR;
				GCC_WARN_UNDECLARED_SELECTOR = YES;
				GCC_WARN_UNINITIALIZED_AUTOS = YES_AGGRESSIVE;
				GCC_WARN_UNUSED_FUNCTION = YES;
				GCC_WARN_UNUSED_VARIABLE = YES;
				IPHONEOS_DEPLOYMENT_TARGET = 8.3;
				MTL_ENABLE_DEBUG_INFO = NO;
				SDKROOT = iphoneos;
				VALIDATE_PRODUCT = YES;
			};
			name = Release;
		};
		33D06B2F1AE458D40012334D /* Debug */ = {
			isa = XCBuildConfiguration;
			buildSettings = {
				ASSETCATALOG_COMPILER_APPICON_NAME = AppIcon;
				INFOPLIST_FILE = Roshambo/Info.plist;
				LD_RUNPATH_SEARCH_PATHS = "$(inherited) @executable_path/Frameworks";
				PRODUCT_NAME = "$(TARGET_NAME)";
			};
			name = Debug;
		};
		33D06B301AE458D40012334D /* Release */ = {
			isa = XCBuildConfiguration;
			buildSettings = {
				ASSETCATALOG_COMPILER_APPICON_NAME = AppIcon;
				INFOPLIST_FILE = Roshambo/Info.plist;
				LD_RUNPATH_SEARCH_PATHS = "$(inherited) @executable_path/Frameworks";
				PRODUCT_NAME = "$(TARGET_NAME)";
			};
			name = Release;
		};
		33D06B321AE458D40012334D /* Debug */ = {
			isa = XCBuildConfiguration;
			buildSettings = {
				BUNDLE_LOADER = "$(TEST_HOST)";
				FRAMEWORK_SEARCH_PATHS = (
					"$(SDKROOT)/Developer/Library/Frameworks",
					"$(inherited)",
				);
				GCC_PREPROCESSOR_DEFINITIONS = (
					"DEBUG=1",
					"$(inherited)",
				);
				INFOPLIST_FILE = RoshamboTests/Info.plist;
				LD_RUNPATH_SEARCH_PATHS = "$(inherited) @executable_path/Frameworks @loader_path/Frameworks";
				PRODUCT_NAME = "$(TARGET_NAME)";
				TEST_HOST = "$(BUILT_PRODUCTS_DIR)/Roshambo.app/Roshambo";
			};
			name = Debug;
		};
		33D06B331AE458D40012334D /* Release */ = {
			isa = XCBuildConfiguration;
			buildSettings = {
				BUNDLE_LOADER = "$(TEST_HOST)";
				FRAMEWORK_SEARCH_PATHS = (
					"$(SDKROOT)/Developer/Library/Frameworks",
					"$(inherited)",
				);
				INFOPLIST_FILE = RoshamboTests/Info.plist;
				LD_RUNPATH_SEARCH_PATHS = "$(inherited) @executable_path/Frameworks @loader_path/Frameworks";
				PRODUCT_NAME = "$(TARGET_NAME)";
				TEST_HOST = "$(BUILT_PRODUCTS_DIR)/Roshambo.app/Roshambo";
			};
			name = Release;
		};
/* End XCBuildConfiguration section */

/* Begin XCConfigurationList section */
		33D06B0A1AE458D40012334D /* Build configuration list for PBXProject "Roshambo" */ = {
			isa = XCConfigurationList;
			buildConfigurations = (
				33D06B2C1AE458D40012334D /* Debug */,
				33D06B2D1AE458D40012334D /* Release */,
			);
			defaultConfigurationIsVisible = 0;
			defaultConfigurationName = Release;
		};
		33D06B2E1AE458D40012334D /* Build configuration list for PBXNativeTarget "Roshambo" */ = {
			isa = XCConfigurationList;
			buildConfigurations = (
				33D06B2F1AE458D40012334D /* Debug */,
				33D06B301AE458D40012334D /* Release */,
			);
			defaultConfigurationIsVisible = 0;
		};
		33D06B311AE458D40012334D /* Build configuration list for PBXNativeTarget "RoshamboTests" */ = {
			isa = XCConfigurationList;
			buildConfigurations = (
				33D06B321AE458D40012334D /* Debug */,
				33D06B331AE458D40012334D /* Release */,
			);
			defaultConfigurationIsVisible = 0;
		};
/* End XCConfigurationList section */
	};
	rootObject = 33D06B071AE458D40012334D /* Project object */;
}
